{
    "_readme": [
        "This file locks the dependencies of your project to a known state",
        "Read more about it at https://getcomposer.org/doc/01-basic-usage.md#installing-dependencies",
        "This file is @generated automatically"
    ],
    "content-hash": "10a614d1e9e84eabe078fe54ffa84c19",
    "packages": [
        {
            "name": "easyswoole/elasticsearch",
            "version": "1.0.5",
            "source": {
                "type": "git",
                "url": "https://github.com/easy-swoole/elasticsearch.git",
                "reference": "3bca1b0a4f45e39c575ed53ac7afe5676678b2b2"
            },
            "dist": {
                "type": "zip",
                "url": "https://api.github.com/repos/easy-swoole/elasticsearch/zipball/3bca1b0a4f45e39c575ed53ac7afe5676678b2b2",
                "reference": "3bca1b0a4f45e39c575ed53ac7afe5676678b2b2",
                "shasum": ""
            },
            "require": {
                "easyswoole/http-client": "^1.3",
                "easyswoole/spl": "^1.3",
                "easyswoole/swoole-ide-helper": "^1.3"
            },
            "require-dev": {
                "easyswoole/phpunit": "^1.0"
            },
            "type": "library",
            "autoload": {
                "psr-4": {
                    "EasySwoole\\ElasticSearch\\": "src/"
                }
            },
            "notification-url": "https://packagist.org/downloads/",
            "authors": [
                {
                    "name": "如果的如果",
                    "email": "admin@fosuss.com"
                }
            ],
            "support": {
                "issues": "https://github.com/easy-swoole/elasticsearch/issues",
                "source": "https://github.com/easy-swoole/elasticsearch/tree/1.0.5"
            },
            "time": "2021-07-12T06:32:13+00:00"
        },
        {
            "name": "easyswoole/http-client",
            "version": "1.5.0",
            "source": {
                "type": "git",
                "url": "https://github.com/easy-swoole/http-client.git",
                "reference": "6f1f247495983d0494465851c263f2b2c893f8bb"
            },
            "dist": {
                "type": "zip",
                "url": "https://api.github.com/repos/easy-swoole/http-client/zipball/6f1f247495983d0494465851c263f2b2c893f8bb",
                "reference": "6f1f247495983d0494465851c263f2b2c893f8bb",
                "shasum": ""
            },
            "require": {
                "easyswoole/spl": "^1.1",
                "php": ">=7.1.0"
            },
            "require-dev": {
                "easyswoole/phpunit": "^1.0",
                "easyswoole/swoole-ide-helper": "^1.2"
            },
            "type": "library",
            "autoload": {
                "psr-4": {
                    "EasySwoole\\HttpClient\\": "src/",
                    "EasySwoole\\HttpClient\\Test\\": "tests/"
                }
            },
            "notification-url": "https://packagist.org/downloads/",
            "license": [
                "Apache-2.0"
            ],
            "authors": [
                {
                    "name": "YF",
                    "email": "291323003@qq.com"
                }
            ],
            "description": "php stander lib",
            "homepage": "https://www.easyswoole.com/",
            "keywords": [
                "async",
                "easyswoole",
                "framework",
                "swoole"
            ],
            "support": {
                "issues": "https://github.com/easy-swoole/http-client/issues",
                "source": "https://github.com/easy-swoole/http-client/tree/1.5.0"
            },
            "time": "2021-02-22T05:47:59+00:00"
        },
        {
            "name": "easyswoole/spl",
            "version": "1.4.1",
            "source": {
                "type": "git",
                "url": "https://github.com/easy-swoole/spl.git",
                "reference": "3d02bceaf1031a78f959d41dab04e37121f9c58c"
            },
            "dist": {
                "type": "zip",
                "url": "https://api.github.com/repos/easy-swoole/spl/zipball/3d02bceaf1031a78f959d41dab04e37121f9c58c",
                "reference": "3d02bceaf1031a78f959d41dab04e37121f9c58c",
                "shasum": ""
            },
            "require": {
                "ext-json": "*",
                "php": ">=7.1.0"
            },
            "require-dev": {
                "easyswoole/phpunit": "^1.0",
                "easyswoole/swoole-ide-helper": "^1.0"
            },
            "type": "library",
            "autoload": {
                "psr-4": {
                    "EasySwoole\\Spl\\": "src/",
                    "EasySwoole\\Spl\\Test\\": "test/"
                }
            },
            "notification-url": "https://packagist.org/downloads/",
            "license": [
                "Apache-2.0"
            ],
            "authors": [
                {
                    "name": "YF",
                    "email": "291323003@qq.com"
                }
            ],
            "description": "php stander lib",
            "homepage": "https://www.easyswoole.com/",
            "keywords": [
                "async",
                "easyswoole",
                "framework",
                "swoole"
            ],
            "support": {
                "issues": "https://github.com/easy-swoole/spl/issues",
                "source": "https://github.com/easy-swoole/spl/tree/1.4.1"
            },
            "time": "2022-02-02T12:04:48+00:00"
        },
        {
            "name": "easyswoole/swoole-ide-helper",
            "version": "1.3.3",
            "source": {
                "type": "git",
                "url": "https://github.com/easy-swoole/ide-helper.git",
                "reference": "d23445978f55de24fec17848321dada1735083cd"
            },
            "dist": {
                "type": "zip",
                "url": "https://api.github.com/repos/easy-swoole/ide-helper/zipball/d23445978f55de24fec17848321dada1735083cd",
                "reference": "d23445978f55de24fec17848321dada1735083cd",
                "shasum": ""
            },
            "require-dev": {
                "guzzlehttp/guzzle": "~6.5.0",
                "laminas/laminas-code": "~3.4.0",
                "squizlabs/php_codesniffer": "~3.5.0",
                "symfony/filesystem": "~4.0"
            },
            "type": "library",
            "notification-url": "https://packagist.org/downloads/",
            "license": [
                "Apache-2.0"
            ],
            "authors": [
                {
                    "name": "Team Swoole",
                    "email": "team@swoole.com"
                }
            ],
            "description": "IDE help files for Swoole.",
            "support": {
                "source": "https://github.com/easy-swoole/ide-helper/tree/1.3.3"
            },
            "time": "2021-06-17T12:24:48+00:00"
        }
    ],
    "packages-dev": [],
    "aliases": [],
    "minimum-stability": "stable",
    "stability-flags": [],
    "prefer-stable": false,
    "prefer-lowest": false,
    "platform": [],
    "platform-dev": [],
    "plugin-api-version": "2.0.0"
}
